
Microsoft Visual Studio Solution File, Format Version 12.00
# Visual Studio Version 17
VisualStudioVersion = 17.1.32228.430
MinimumVisualStudioVersion = 10.0.40219.1
Project("{9A19103F-16F7-4668-BE54-9A1E7A4F7556}") = "NTools.Domain", "NTools.Domain\NTools.Domain.csproj", "{A1075D98-F8C9-4101-A9BD-D86B2AECA385}"
EndProject
Project("{9A19103F-16F7-4668-BE54-9A1E7A4F7556}") = "NTools.DTO", "NTools.DTO\NTools.DTO.csproj", "{2E16DDBE-A432-411E-BF7E-F4ED76FFB184}"
EndProject
Project("{2150E333-8FDC-42A3-9474-1A3956D46DE8}") = "Docker", "Docker", "{4CA0FD41-3A9C-40D1-99D3-240B1C82D7D9}"
	ProjectSection(SolutionItems) = preProject
		README.md = README.md
	EndProjectSection
EndProject
Project("{9A19103F-16F7-4668-BE54-9A1E7A4F7556}") = "NTools.API", "NTools.API\NTools.API.csproj", "{3B88C798-479A-4EB0-8F68-23B3EF1AFAE8}"
EndProject
Project("{9A19103F-16F7-4668-BE54-9A1E7A4F7556}") = "NTools.Application", "NTools.Application\NTools.Application.csproj", "{5DE107B9-14A2-4A93-ACF8-E6F6BE632AC6}"
EndProject
Project("{FAE04EC0-301F-11D3-BF4B-00C04F79EFBC}") = "NTools.ACL", "NTools.ACL\NTools.ACL.csproj", "{30B413FD-646E-48C3-A423-617C1D35B170}"
EndProject
Global
	GlobalSection(SolutionConfigurationPlatforms) = preSolution
		Debug|Any CPU = Debug|Any CPU
		Release|Any CPU = Release|Any CPU
	EndGlobalSection
	GlobalSection(ProjectConfigurationPlatforms) = postSolution
		{A1075D98-F8C9-4101-A9BD-D86B2AECA385}.Debug|Any CPU.ActiveCfg = Debug|Any CPU
		{A1075D98-F8C9-4101-A9BD-D86B2AECA385}.Debug|Any CPU.Build.0 = Debug|Any CPU
		{A1075D98-F8C9-4101-A9BD-D86B2AECA385}.Release|Any CPU.ActiveCfg = Release|Any CPU
		{A1075D98-F8C9-4101-A9BD-D86B2AECA385}.Release|Any CPU.Build.0 = Release|Any CPU
		{2E16DDBE-A432-411E-BF7E-F4ED76FFB184}.Debug|Any CPU.ActiveCfg = Debug|Any CPU
		{2E16DDBE-A432-411E-BF7E-F4ED76FFB184}.Debug|Any CPU.Build.0 = Debug|Any CPU
		{2E16DDBE-A432-411E-BF7E-F4ED76FFB184}.Release|Any CPU.ActiveCfg = Release|Any CPU
		{2E16DDBE-A432-411E-BF7E-F4ED76FFB184}.Release|Any CPU.Build.0 = Release|Any CPU
		{3B88C798-479A-4EB0-8F68-23B3EF1AFAE8}.Debug|Any CPU.ActiveCfg = Debug|Any CPU
		{3B88C798-479A-4EB0-8F68-23B3EF1AFAE8}.Debug|Any CPU.Build.0 = Debug|Any CPU
		{3B88C798-479A-4EB0-8F68-23B3EF1AFAE8}.Release|Any CPU.ActiveCfg = Release|Any CPU
		{3B88C798-479A-4EB0-8F68-23B3EF1AFAE8}.Release|Any CPU.Build.0 = Release|Any CPU
		{5DE107B9-14A2-4A93-ACF8-E6F6BE632AC6}.Debug|Any CPU.ActiveCfg = Debug|Any CPU
		{5DE107B9-14A2-4A93-ACF8-E6F6BE632AC6}.Debug|Any CPU.Build.0 = Debug|Any CPU
		{5DE107B9-14A2-4A93-ACF8-E6F6BE632AC6}.Release|Any CPU.ActiveCfg = Release|Any CPU
		{5DE107B9-14A2-4A93-ACF8-E6F6BE632AC6}.Release|Any CPU.Build.0 = Release|Any CPU
		{30B413FD-646E-48C3-A423-617C1D35B170}.Debug|Any CPU.ActiveCfg = Debug|Any CPU
		{30B413FD-646E-48C3-A423-617C1D35B170}.Debug|Any CPU.Build.0 = Debug|Any CPU
		{30B413FD-646E-48C3-A423-617C1D35B170}.Release|Any CPU.ActiveCfg = Release|Any CPU
		{30B413FD-646E-48C3-A423-617C1D35B170}.Release|Any CPU.Build.0 = Release|Any CPU
	EndGlobalSection
	GlobalSection(SolutionProperties) = preSolution
		HideSolutionNode = FALSE
	EndGlobalSection
	GlobalSection(ExtensibilityGlobals) = postSolution
		SolutionGuid = {09F0A422-0692-4032-9924-7DF1D27AEF60}
	EndGlobalSection
EndGlobal
